// !$*UTF8*$!
{
	archiveVersion = 1;
	classes = {
	};
	objectVersion = 46;
	objects = {

/* Begin PBXBuildFile section */
		3C3810D81D0D63B80018D499 /* main.c in Sources */ = {isa = PBXBuildFile; fileRef = 3C3810D71D0D63B80018D499 /* main.c */; };
		3C7329221D0D096900F2D270 /* main.c in Sources */ = {isa = PBXBuildFile; fileRef = 3C7329211D0D096900F2D270 /* main.c */; };
		3C7329311D0D3F8C00F2D270 /* main.c in Sources */ = {isa = PBXBuildFile; fileRef = 3C7329301D0D3F8C00F2D270 /* main.c */; };
		3C73293C1D0D4D1F00F2D270 /* main.c in Sources */ = {isa = PBXBuildFile; fileRef = 3C73293B1D0D4D1F00F2D270 /* main.c */; };
/* End PBXBuildFile section */

/* Begin PBXCopyFilesBuildPhase section */
		3C3810D31D0D63B80018D499 /* CopyFiles */ = {
			isa = PBXCopyFilesBuildPhase;
			buildActionMask = 2147483647;
			dstPath = /usr/share/man/man1/;
			dstSubfolderSpec = 0;
			files = (
			);
			runOnlyForDeploymentPostprocessing = 1;
		};
		3C73291C1D0D096900F2D270 /* CopyFiles */ = {
			isa = PBXCopyFilesBuildPhase;
			buildActionMask = 2147483647;
			dstPath = /usr/share/man/man1/;
			dstSubfolderSpec = 0;
			files = (
			);
			runOnlyForDeploymentPostprocessing = 1;
		};
		3C73292C1D0D3F8C00F2D270 /* CopyFiles */ = {
			isa = PBXCopyFilesBuildPhase;
			buildActionMask = 2147483647;
			dstPath = /usr/share/man/man1/;
			dstSubfolderSpec = 0;
			files = (
			);
			runOnlyForDeploymentPostprocessing = 1;
		};
		3C7329371D0D4D1F00F2D270 /* CopyFiles */ = {
			isa = PBXCopyFilesBuildPhase;
			buildActionMask = 2147483647;
			dstPath = /usr/share/man/man1/;
			dstSubfolderSpec = 0;
			files = (
			);
			runOnlyForDeploymentPostprocessing = 1;
		};
/* End PBXCopyFilesBuildPhase section */

/* Begin PBXFileReference section */
		3C3810D51D0D63B80018D499 /* 使用链表创建双队列 */ = {isa = PBXFileReference; explicitFileType = "compiled.mach-o.executable"; includeInIndex = 0; path = "使用链表创建双队列"; sourceTree = BUILT_PRODUCTS_DIR; };
		3C3810D71D0D63B80018D499 /* main.c */ = {isa = PBXFileReference; lastKnownFileType = sourcecode.c.c; path = main.c; sourceTree = "<group>"; };
		3C73291E1D0D096900F2D270 /* 队列 */ = {isa = PBXFileReference; explicitFileType = "compiled.mach-o.executable"; includeInIndex = 0; path = "队列"; sourceTree = BUILT_PRODUCTS_DIR; };
		3C7329211D0D096900F2D270 /* main.c */ = {isa = PBXFileReference; lastKnownFileType = sourcecode.c.c; path = main.c; sourceTree = "<group>"; };
		3C73292E1D0D3F8C00F2D270 /* 使用链表创建队列 */ = {isa = PBXFileReference; explicitFileType = "compiled.mach-o.executable"; includeInIndex = 0; path = "使用链表创建队列"; sourceTree = BUILT_PRODUCTS_DIR; };
		3C7329301D0D3F8C00F2D270 /* main.c */ = {isa = PBXFileReference; lastKnownFileType = sourcecode.c.c; path = main.c; sourceTree = "<group>"; };
		3C7329391D0D4D1F00F2D270 /* 双队列 */ = {isa = PBXFileReference; explicitFileType = "compiled.mach-o.executable"; includeInIndex = 0; path = "双队列"; sourceTree = BUILT_PRODUCTS_DIR; };
		3C73293B1D0D4D1F00F2D270 /* main.c */ = {isa = PBXFileReference; lastKnownFileType = sourcecode.c.c; path = main.c; sourceTree = "<group>"; };
/* End PBXFileReference section */

/* Begin PBXFrameworksBuildPhase section */
		3C3810D21D0D63B80018D499 /* Frameworks */ = {
			isa = PBXFrameworksBuildPhase;
			buildActionMask = 2147483647;
			files = (
			);
			runOnlyForDeploymentPostprocessing = 0;
		};
		3C73291B1D0D096900F2D270 /* Frameworks */ = {
			isa = PBXFrameworksBuildPhase;
			buildActionMask = 2147483647;
			files = (
			);
			runOnlyForDeploymentPostprocessing = 0;
		};
		3C73292B1D0D3F8C00F2D270 /* Frameworks */ = {
			isa = PBXFrameworksBuildPhase;
			buildActionMask = 2147483647;
			files = (
			);
			runOnlyForDeploymentPostprocessing = 0;
		};
		3C7329361D0D4D1F00F2D270 /* Frameworks */ = {
			isa = PBXFrameworksBuildPhase;
			buildActionMask = 2147483647;
			files = (
			);
			runOnlyForDeploymentPostprocessing = 0;
		};
/* End PBXFrameworksBuildPhase section */

/* Begin PBXGroup section */
		3C3810D61D0D63B80018D499 /* 使用链表创建双队列 */ = {
			isa = PBXGroup;
			children = (
				3C3810D71D0D63B80018D499 /* main.c */,
			);
			path = "使用链表创建双队列";
			sourceTree = "<group>";
		};
		3C7329151D0D096900F2D270 = {
			isa = PBXGroup;
			children = (
				3C7329201D0D096900F2D270 /* 队列 */,
				3C73292F1D0D3F8C00F2D270 /* 使用链表创建队列 */,
				3C73293A1D0D4D1F00F2D270 /* 双队列 */,
				3C3810D61D0D63B80018D499 /* 使用链表创建双队列 */,
				3C73291F1D0D096900F2D270 /* Products */,
			);
			sourceTree = "<group>";
		};
		3C73291F1D0D096900F2D270 /* Products */ = {
			isa = PBXGroup;
			children = (
				3C73291E1D0D096900F2D270 /* 队列 */,
				3C73292E1D0D3F8C00F2D270 /* 使用链表创建队列 */,
				3C7329391D0D4D1F00F2D270 /* 双队列 */,
				3C3810D51D0D63B80018D499 /* 使用链表创建双队列 */,
			);
			name = Products;
			sourceTree = "<group>";
		};
		3C7329201D0D096900F2D270 /* 队列 */ = {
			isa = PBXGroup;
			children = (
				3C7329211D0D096900F2D270 /* main.c */,
			);
			path = "队列";
			sourceTree = "<group>";
		};
		3C73292F1D0D3F8C00F2D270 /* 使用链表创建队列 */ = {
			isa = PBXGroup;
			children = (
				3C7329301D0D3F8C00F2D270 /* main.c */,
			);
			path = "使用链表创建队列";
			sourceTree = "<group>";
		};
		3C73293A1D0D4D1F00F2D270 /* 双队列 */ = {
			isa = PBXGroup;
			children = (
				3C73293B1D0D4D1F00F2D270 /* main.c */,
			);
			path = "双队列";
			sourceTree = "<group>";
		};
/* End PBXGroup section */

/* Begin PBXNativeTarget section */
		3C3810D41D0D63B80018D499 /* 使用链表创建双队列 */ = {
			isa = PBXNativeTarget;
			buildConfigurationList = 3C3810DB1D0D63B80018D499 /* Build configuration list for PBXNativeTarget "使用链表创建双队列" */;
			buildPhases = (
				3C3810D11D0D63B80018D499 /* Sources */,
				3C3810D21D0D63B80018D499 /* Frameworks */,
				3C3810D31D0D63B80018D499 /* CopyFiles */,
			);
			buildRules = (
			);
			dependencies = (
			);
			name = "使用链表创建双队列";
			productName = "使用链表创建双队列";
			productReference = 3C3810D51D0D63B80018D499 /* 使用链表创建双队列 */;
			productType = "com.apple.product-type.tool";
		};
		3C73291D1D0D096900F2D270 /* 队列 */ = {
			isa = PBXNativeTarget;
			buildConfigurationList = 3C7329251D0D096900F2D270 /* Build configuration list for PBXNativeTarget "队列" */;
			buildPhases = (
				3C73291A1D0D096900F2D270 /* Sources */,
				3C73291B1D0D096900F2D270 /* Frameworks */,
				3C73291C1D0D096900F2D270 /* CopyFiles */,
			);
			buildRules = (
			);
			dependencies = (
			);
			name = "队列";
			productName = "队列";
			productReference = 3C73291E1D0D096900F2D270 /* 队列 */;
			productType = "com.apple.product-type.tool";
		};
		3C73292D1D0D3F8C00F2D270 /* 使用链表创建队列 */ = {
			isa = PBXNativeTarget;
			buildConfigurationList = 3C7329321D0D3F8C00F2D270 /* Build configuration list for PBXNativeTarget "使用链表创建队列" */;
			buildPhases = (
				3C73292A1D0D3F8C00F2D270 /* Sources */,
				3C73292B1D0D3F8C00F2D270 /* Frameworks */,
				3C73292C1D0D3F8C00F2D270 /* CopyFiles */,
			);
			buildRules = (
			);
			dependencies = (
			);
			name = "使用链表创建队列";
			productName = "使用链表创建队列";
			productReference = 3C73292E1D0D3F8C00F2D270 /* 使用链表创建队列 */;
			productType = "com.apple.product-type.tool";
		};
		3C7329381D0D4D1F00F2D270 /* 双队列 */ = {
			isa = PBXNativeTarget;
			buildConfigurationList = 3C73293D1D0D4D1F00F2D270 /* Build configuration list for PBXNativeTarget "双队列" */;
			buildPhases = (
				3C7329351D0D4D1F00F2D270 /* Sources */,
				3C7329361D0D4D1F00F2D270 /* Frameworks */,
				3C7329371D0D4D1F00F2D270 /* CopyFiles */,
			);
			buildRules = (
			);
			dependencies = (
			);
			name = "双队列";
			productName = "双队列";
			productReference = 3C7329391D0D4D1F00F2D270 /* 双队列 */;
			productType = "com.apple.product-type.tool";
		};
/* End PBXNativeTarget section */

/* Begin PBXProject section */
		3C7329161D0D096900F2D270 /* Project object */ = {
			isa = PBXProject;
			attributes = {
				LastUpgradeCheck = 0720;
				ORGANIZATIONNAME = rytong_zkz;
				TargetAttributes = {
					3C3810D41D0D63B80018D499 = {
						CreatedOnToolsVersion = 7.2;
					};
					3C73291D1D0D096900F2D270 = {
						CreatedOnToolsVersion = 7.2;
					};
					3C73292D1D0D3F8C00F2D270 = {
						CreatedOnToolsVersion = 7.2;
					};
					3C7329381D0D4D1F00F2D270 = {
						CreatedOnToolsVersion = 7.2;
					};
				};
			};
			buildConfigurationList = 3C7329191D0D096900F2D270 /* Build configuration list for PBXProject "队列" */;
			compatibilityVersion = "Xcode 3.2";
			developmentRegion = English;
			hasScannedForEncodings = 0;
			knownRegions = (
				en,
			);
			mainGroup = 3C7329151D0D096900F2D270;
			productRefGroup = 3C73291F1D0D096900F2D270 /* Products */;
			projectDirPath = "";
			projectRoot = "";
			targets = (
				3C73291D1D0D096900F2D270 /* 队列 */,
				3C73292D1D0D3F8C00F2D270 /* 使用链表创建队列 */,
				3C7329381D0D4D1F00F2D270 /* 双队列 */,
				3C3810D41D0D63B80018D499 /* 使用链表创建双队列 */,
			);
		};
/* End PBXProject section */

/* Begin PBXSourcesBuildPhase section */
		3C3810D11D0D63B80018D499 /* Sources */ = {
			isa = PBXSourcesBuildPhase;
			buildActionMask = 2147483647;
			files = (
				3C3810D81D0D63B80018D499 /* main.c in Sources */,
			);
			runOnlyForDeploymentPostprocessing = 0;
		};
		3C73291A1D0D096900F2D270 /* Sources */ = {
			isa = PBXSourcesBuildPhase;
			buildActionMask = 2147483647;
			files = (
				3C7329221D0D096900F2D270 /* main.c in Sources */,
			);
			runOnlyForDeploymentPostprocessing = 0;
		};
		3C73292A1D0D3F8C00F2D270 /* Sources */ = {
			isa = PBXSourcesBuildPhase;
			buildActionMask = 2147483647;
			files = (
				3C7329311D0D3F8C00F2D270 /* main.c in Sources */,
			);
			runOnlyForDeploymentPostprocessing = 0;
		};
		3C7329351D0D4D1F00F2D270 /* Sources */ = {
			isa = PBXSourcesBuildPhase;
			buildActionMask = 2147483647;
			files = (
				3C73293C1D0D4D1F00F2D270 /* main.c in Sources */,
			);
			runOnlyForDeploymentPostprocessing = 0;
		};
/* End PBXSourcesBuildPhase section */

/* Begin XCBuildConfiguration section */
		3C3810D91D0D63B80018D499 /* Debug */ = {
			isa = XCBuildConfiguration;
			buildSettings = {
				PRODUCT_NAME = "$(TARGET_NAME)";
			};
			name = Debug;
		};
		3C3810DA1D0D63B80018D499 /* Release */ = {
			isa = XCBuildConfiguration;
			buildSettings = {
				PRODUCT_NAME = "$(TARGET_NAME)";
			};
			name = Release;
		};
		3C7329231D0D096900F2D270 /* Debug */ = {
			isa = XCBuildConfiguration;
			buildSettings = {
				ALWAYS_SEARCH_USER_PATHS = NO;
				CLANG_CXX_LANGUAGE_STANDARD = "gnu++0x";
				CLANG_CXX_LIBRARY = "libc++";
				CLANG_ENABLE_MODULES = YES;
				CLANG_ENABLE_OBJC_ARC = YES;
				CLANG_WARN_BOOL_CONVERSION = YES;
				CLANG_WARN_CONSTANT_CONVERSION = YES;
				CLANG_WARN_DIRECT_OBJC_ISA_USAGE = YES_ERROR;
				CLANG_WARN_EMPTY_BODY = YES;
				CLANG_WARN_ENUM_CONVERSION = YES;
				CLANG_WARN_INT_CONVERSION = YES;
				CLANG_WARN_OBJC_ROOT_CLASS = YES_ERROR;
				CLANG_WARN_UNREACHABLE_CODE = YES;
				CLANG_WARN__DUPLICATE_METHOD_MATCH = YES;
				CODE_SIGN_IDENTITY = "-";
				COPY_PHASE_STRIP = NO;
				DEBUG_INFORMATION_FORMAT = dwarf;
				ENABLE_STRICT_OBJC_MSGSEND = YES;
				ENABLE_TESTABILITY = YES;
				GCC_C_LANGUAGE_STANDARD = gnu99;
				GCC_DYNAMIC_NO_PIC = NO;
				GCC_NO_COMMON_BLOCKS = YES;
				GCC_OPTIMIZATION_LEVEL = 0;
				GCC_PREPROCESSOR_DEFINITIONS = (
					"DEBUG=1",
					"$(inherited)",
				);
				GCC_WARN_64_TO_32_BIT_CONVERSION = YES;
				GCC_WARN_ABOUT_RETURN_TYPE = YES_ERROR;
				GCC_WARN_UNDECLARED_SELECTOR = YES;
				GCC_WARN_UNINITIALIZED_AUTOS = YES_AGGRESSIVE;
				GCC_WARN_UNUSED_FUNCTION = YES;
				GCC_WARN_UNUSED_VARIABLE = YES;
				MACOSX_DEPLOYMENT_TARGET = 10.10;
				MTL_ENABLE_DEBUG_INFO = YES;
				ONLY_ACTIVE_ARCH = YES;
				SDKROOT = macosx;
			};
			name = Debug;
		};
		3C7329241D0D096900F2D270 /* Release */ = {
			isa = XCBuildConfiguration;
			buildSettings = {
				ALWAYS_SEARCH_USER_PATHS = NO;
				CLANG_CXX_LANGUAGE_STANDARD = "gnu++0x";
				CLANG_CXX_LIBRARY = "libc++";
				CLANG_ENABLE_MODULES = YES;
				CLANG_ENABLE_OBJC_ARC = YES;
				CLANG_WARN_BOOL_CONVERSION = YES;
				CLANG_WARN_CONSTANT_CONVERSION = YES;
				CLANG_WARN_DIRECT_OBJC_ISA_USAGE = YES_ERROR;
				CLANG_WARN_EMPTY_BODY = YES;
				CLANG_WARN_ENUM_CONVERSION = YES;
				CLANG_WARN_INT_CONVERSION = YES;
				CLANG_WARN_OBJC_ROOT_CLASS = YES_ERROR;
				CLANG_WARN_UNREACHABLE_CODE = YES;
				CLANG_WARN__DUPLICATE_METHOD_MATCH = YES;
				CODE_SIGN_IDENTITY = "-";
				COPY_PHASE_STRIP = NO;
				DEBUG_INFORMATION_FORMAT = "dwarf-with-dsym";
				ENABLE_NS_ASSERTIONS = NO;
				ENABLE_STRICT_OBJC_MSGSEND = YES;
				GCC_C_LANGUAGE_STANDARD = gnu99;
				GCC_NO_COMMON_BLOCKS = YES;
				GCC_WARN_64_TO_32_BIT_CONVERSION = YES;
				GCC_WARN_ABOUT_RETURN_TYPE = YES_ERROR;
				GCC_WARN_UNDECLARED_SELECTOR = YES;
				GCC_WARN_UNINITIALIZED_AUTOS = YES_AGGRESSIVE;
				GCC_WARN_UNUSED_FUNCTION = YES;
				GCC_WARN_UNUSED_VARIABLE = YES;
				MACOSX_DEPLOYMENT_TARGET = 10.10;
				MTL_ENABLE_DEBUG_INFO = NO;
				SDKROOT = macosx;
			};
			name = Release;
		};
		3C7329261D0D096900F2D270 /* Debug */ = {
			isa = XCBuildConfiguration;
			buildSettings = {
				PRODUCT_NAME = "$(TARGET_NAME)";
			};
			name = Debug;
		};
		3C7329271D0D096900F2D270 /* Release */ = {
			isa = XCBuildConfiguration;
			buildSettings = {
				PRODUCT_NAME = "$(TARGET_NAME)";
			};
			name = Release;
		};
		3C7329331D0D3F8C00F2D270 /* Debug */ = {
			isa = XCBuildConfiguration;
			buildSettings = {
				PRODUCT_NAME = "$(TARGET_NAME)";
			};
			name = Debug;
		};
		3C7329341D0D3F8C00F2D270 /* Release */ = {
			isa = XCBuildConfiguration;
			buildSettings = {
				PRODUCT_NAME = "$(TARGET_NAME)";
			};
			name = Release;
		};
		3C73293E1D0D4D1F00F2D270 /* Debug */ = {
			isa = XCBuildConfiguration;
			buildSettings = {
				PRODUCT_NAME = "$(TARGET_NAME)";
			};
			name = Debug;
		};
		3C73293F1D0D4D1F00F2D270 /* Release */ = {
			isa = XCBuildConfiguration;
			buildSettings = {
				PRODUCT_NAME = "$(TARGET_NAME)";
			};
			name = Release;
		};
/* End XCBuildConfiguration section */

/* Begin XCConfigurationList section */
		3C3810DB1D0D63B80018D499 /* Build configuration list for PBXNativeTarget "使用链表创建双队列" */ = {
			isa = XCConfigurationList;
			buildConfigurations = (
				3C3810D91D0D63B80018D499 /* Debug */,
				3C3810DA1D0D63B80018D499 /* Release */,
			);
			defaultConfigurationIsVisible = 0;
		};
		3C7329191D0D096900F2D270 /* Build configuration list for PBXProject "队列" */ = {
			isa = XCConfigurationList;
			buildConfigurations = (
				3C7329231D0D096900F2D270 /* Debug */,
				3C7329241D0D096900F2D270 /* Release */,
			);
			defaultConfigurationIsVisible = 0;
			defaultConfigurationName = Release;
		};
		3C7329251D0D096900F2D270 /* Build configuration list for PBXNativeTarget "队列" */ = {
			isa = XCConfigurationList;
			buildConfigurations = (
				3C7329261D0D096900F2D270 /* Debug */,
				3C7329271D0D096900F2D270 /* Release */,
			);
			defaultConfigurationIsVisible = 0;
			defaultConfigurationName = Release;
		};
		3C7329321D0D3F8C00F2D270 /* Build configuration list for PBXNativeTarget "使用链表创建队列" */ = {
			isa = XCConfigurationList;
			buildConfigurations = (
				3C7329331D0D3F8C00F2D270 /* Debug */,
				3C7329341D0D3F8C00F2D270 /* Release */,
			);
			defaultConfigurationIsVisible = 0;
			defaultConfigurationName = Release;
		};
		3C73293D1D0D4D1F00F2D270 /* Build configuration list for PBXNativeTarget "双队列" */ = {
			isa = XCConfigurationList;
			buildConfigurations = (
				3C73293E1D0D4D1F00F2D270 /* Debug */,
				3C73293F1D0D4D1F00F2D270 /* Release */,
			);
			defaultConfigurationIsVisible = 0;
			defaultConfigurationName = Release;
		};
/* End XCConfigurationList section */
	};
	rootObject = 3C7329161D0D096900F2D270 /* Project object */;
}
