// !$*UTF8*$!
{
	archiveVersion = 1;
	classes = {
	};
	objectVersion = 46;
	objects = {

/* Begin PBXBuildFile section */
		3CBEC8481CE9B4860030BFF6 /* main.c in Sources */ = {isa = PBXBuildFile; fileRef = 3CBEC8471CE9B4860030BFF6 /* main.c */; };
		3CBEC84E1CE9B4B80030BFF6 /* Llink_list_demo.c in Sources */ = {isa = PBXBuildFile; fileRef = 3CBEC84C1CE9B4B80030BFF6 /* Llink_list_demo.c */; };
		3CDD2AC91CE1BDEE00D990D6 /* main.m in Sources */ = {isa = PBXBuildFile; fileRef = 3CDD2AC81CE1BDEE00D990D6 /* main.m */; };
		3CDD2ACC1CE1BDEE00D990D6 /* AppDelegate.m in Sources */ = {isa = PBXBuildFile; fileRef = 3CDD2ACB1CE1BDEE00D990D6 /* AppDelegate.m */; };
		3CDD2ACF1CE1BDEE00D990D6 /* ViewController.m in Sources */ = {isa = PBXBuildFile; fileRef = 3CDD2ACE1CE1BDEE00D990D6 /* ViewController.m */; };
		3CDD2AD21CE1BDEE00D990D6 /* Main.storyboard in Resources */ = {isa = PBXBuildFile; fileRef = 3CDD2AD01CE1BDEE00D990D6 /* Main.storyboard */; };
		3CDD2AD41CE1BDEE00D990D6 /* Assets.xcassets in Resources */ = {isa = PBXBuildFile; fileRef = 3CDD2AD31CE1BDEE00D990D6 /* Assets.xcassets */; };
		3CDD2AD71CE1BDEE00D990D6 /* LaunchScreen.storyboard in Resources */ = {isa = PBXBuildFile; fileRef = 3CDD2AD51CE1BDEE00D990D6 /* LaunchScreen.storyboard */; };
		3CDD2B0E1CE32D6E00D990D6 /* main.m in Sources */ = {isa = PBXBuildFile; fileRef = 3CDD2B0D1CE32D6E00D990D6 /* main.m */; };
		3CDD2B111CE32D6E00D990D6 /* AppDelegate.m in Sources */ = {isa = PBXBuildFile; fileRef = 3CDD2B101CE32D6E00D990D6 /* AppDelegate.m */; };
		3CDD2B141CE32D6E00D990D6 /* ViewController.m in Sources */ = {isa = PBXBuildFile; fileRef = 3CDD2B131CE32D6E00D990D6 /* ViewController.m */; };
		3CDD2B171CE32D6E00D990D6 /* Main.storyboard in Resources */ = {isa = PBXBuildFile; fileRef = 3CDD2B151CE32D6E00D990D6 /* Main.storyboard */; };
		3CDD2B191CE32D6E00D990D6 /* Assets.xcassets in Resources */ = {isa = PBXBuildFile; fileRef = 3CDD2B181CE32D6E00D990D6 /* Assets.xcassets */; };
		3CDD2B1C1CE32D6F00D990D6 /* LaunchScreen.storyboard in Resources */ = {isa = PBXBuildFile; fileRef = 3CDD2B1A1CE32D6E00D990D6 /* LaunchScreen.storyboard */; };
/* End PBXBuildFile section */

/* Begin PBXCopyFilesBuildPhase section */
		3CBEC8431CE9B4860030BFF6 /* CopyFiles */ = {
			isa = PBXCopyFilesBuildPhase;
			buildActionMask = 2147483647;
			dstPath = /usr/share/man/man1/;
			dstSubfolderSpec = 0;
			files = (
			);
			runOnlyForDeploymentPostprocessing = 1;
		};
		3CDD2AF91CE31B1100D990D6 /* CopyFiles */ = {
			isa = PBXCopyFilesBuildPhase;
			buildActionMask = 2147483647;
			dstPath = /usr/share/man/man1/;
			dstSubfolderSpec = 0;
			files = (
			);
			runOnlyForDeploymentPostprocessing = 1;
		};
/* End PBXCopyFilesBuildPhase section */

/* Begin PBXFileReference section */
		3CBEC8451CE9B4860030BFF6 /* 变长结构体的应用 */ = {isa = PBXFileReference; explicitFileType = "compiled.mach-o.executable"; includeInIndex = 0; path = "变长结构体的应用"; sourceTree = BUILT_PRODUCTS_DIR; };
		3CBEC8471CE9B4860030BFF6 /* main.c */ = {isa = PBXFileReference; lastKnownFileType = sourcecode.c.c; path = main.c; sourceTree = "<group>"; };
		3CBEC84C1CE9B4B80030BFF6 /* Llink_list_demo.c */ = {isa = PBXFileReference; fileEncoding = 4; lastKnownFileType = sourcecode.c.c; path = Llink_list_demo.c; sourceTree = "<group>"; };
		3CBEC84D1CE9B4B80030BFF6 /* Llink_list_demo.h */ = {isa = PBXFileReference; fileEncoding = 4; lastKnownFileType = sourcecode.c.h; path = Llink_list_demo.h; sourceTree = "<group>"; };
		3CDD2AC41CE1BDEE00D990D6 /* Link_list_Demo.app */ = {isa = PBXFileReference; explicitFileType = wrapper.application; includeInIndex = 0; path = Link_list_Demo.app; sourceTree = BUILT_PRODUCTS_DIR; };
		3CDD2AC81CE1BDEE00D990D6 /* main.m */ = {isa = PBXFileReference; lastKnownFileType = sourcecode.c.objc; path = main.m; sourceTree = "<group>"; };
		3CDD2ACA1CE1BDEE00D990D6 /* AppDelegate.h */ = {isa = PBXFileReference; lastKnownFileType = sourcecode.c.h; path = AppDelegate.h; sourceTree = "<group>"; };
		3CDD2ACB1CE1BDEE00D990D6 /* AppDelegate.m */ = {isa = PBXFileReference; lastKnownFileType = sourcecode.c.objc; path = AppDelegate.m; sourceTree = "<group>"; };
		3CDD2ACD1CE1BDEE00D990D6 /* ViewController.h */ = {isa = PBXFileReference; lastKnownFileType = sourcecode.c.h; path = ViewController.h; sourceTree = "<group>"; };
		3CDD2ACE1CE1BDEE00D990D6 /* ViewController.m */ = {isa = PBXFileReference; lastKnownFileType = sourcecode.c.objc; path = ViewController.m; sourceTree = "<group>"; };
		3CDD2AD11CE1BDEE00D990D6 /* Base */ = {isa = PBXFileReference; lastKnownFileType = file.storyboard; name = Base; path = Base.lproj/Main.storyboard; sourceTree = "<group>"; };
		3CDD2AD31CE1BDEE00D990D6 /* Assets.xcassets */ = {isa = PBXFileReference; lastKnownFileType = folder.assetcatalog; path = Assets.xcassets; sourceTree = "<group>"; };
		3CDD2AD61CE1BDEE00D990D6 /* Base */ = {isa = PBXFileReference; lastKnownFileType = file.storyboard; name = Base; path = Base.lproj/LaunchScreen.storyboard; sourceTree = "<group>"; };
		3CDD2AD81CE1BDEE00D990D6 /* Info.plist */ = {isa = PBXFileReference; lastKnownFileType = text.plist.xml; path = Info.plist; sourceTree = "<group>"; };
		3CDD2AFB1CE31B1100D990D6 /* LLink_Double_List */ = {isa = PBXFileReference; explicitFileType = "compiled.mach-o.executable"; includeInIndex = 0; path = LLink_Double_List; sourceTree = BUILT_PRODUCTS_DIR; };
		3CDD2B0A1CE32D6E00D990D6 /* Llink_list_Demo.app */ = {isa = PBXFileReference; explicitFileType = wrapper.application; includeInIndex = 0; path = Llink_list_Demo.app; sourceTree = BUILT_PRODUCTS_DIR; };
		3CDD2B0D1CE32D6E00D990D6 /* main.m */ = {isa = PBXFileReference; lastKnownFileType = sourcecode.c.objc; path = main.m; sourceTree = "<group>"; };
		3CDD2B0F1CE32D6E00D990D6 /* AppDelegate.h */ = {isa = PBXFileReference; lastKnownFileType = sourcecode.c.h; path = AppDelegate.h; sourceTree = "<group>"; };
		3CDD2B101CE32D6E00D990D6 /* AppDelegate.m */ = {isa = PBXFileReference; lastKnownFileType = sourcecode.c.objc; path = AppDelegate.m; sourceTree = "<group>"; };
		3CDD2B121CE32D6E00D990D6 /* ViewController.h */ = {isa = PBXFileReference; lastKnownFileType = sourcecode.c.h; path = ViewController.h; sourceTree = "<group>"; };
		3CDD2B131CE32D6E00D990D6 /* ViewController.m */ = {isa = PBXFileReference; lastKnownFileType = sourcecode.c.objc; path = ViewController.m; sourceTree = "<group>"; };
		3CDD2B161CE32D6E00D990D6 /* Base */ = {isa = PBXFileReference; lastKnownFileType = file.storyboard; name = Base; path = Base.lproj/Main.storyboard; sourceTree = "<group>"; };
		3CDD2B181CE32D6E00D990D6 /* Assets.xcassets */ = {isa = PBXFileReference; lastKnownFileType = folder.assetcatalog; path = Assets.xcassets; sourceTree = "<group>"; };
		3CDD2B1B1CE32D6E00D990D6 /* Base */ = {isa = PBXFileReference; lastKnownFileType = file.storyboard; name = Base; path = Base.lproj/LaunchScreen.storyboard; sourceTree = "<group>"; };
		3CDD2B1D1CE32D6F00D990D6 /* Info.plist */ = {isa = PBXFileReference; lastKnownFileType = text.plist.xml; path = Info.plist; sourceTree = "<group>"; };
/* End PBXFileReference section */

/* Begin PBXFrameworksBuildPhase section */
		3CBEC8421CE9B4860030BFF6 /* Frameworks */ = {
			isa = PBXFrameworksBuildPhase;
			buildActionMask = 2147483647;
			files = (
			);
			runOnlyForDeploymentPostprocessing = 0;
		};
		3CDD2AC11CE1BDEE00D990D6 /* Frameworks */ = {
			isa = PBXFrameworksBuildPhase;
			buildActionMask = 2147483647;
			files = (
			);
			runOnlyForDeploymentPostprocessing = 0;
		};
		3CDD2AF81CE31B1100D990D6 /* Frameworks */ = {
			isa = PBXFrameworksBuildPhase;
			buildActionMask = 2147483647;
			files = (
			);
			runOnlyForDeploymentPostprocessing = 0;
		};
		3CDD2B071CE32D6E00D990D6 /* Frameworks */ = {
			isa = PBXFrameworksBuildPhase;
			buildActionMask = 2147483647;
			files = (
			);
			runOnlyForDeploymentPostprocessing = 0;
		};
/* End PBXFrameworksBuildPhase section */

/* Begin PBXGroup section */
		3CBEC8461CE9B4860030BFF6 /* 变长结构体的应用 */ = {
			isa = PBXGroup;
			children = (
				3CBEC8471CE9B4860030BFF6 /* main.c */,
				3CBEC84D1CE9B4B80030BFF6 /* Llink_list_demo.h */,
				3CBEC84C1CE9B4B80030BFF6 /* Llink_list_demo.c */,
			);
			path = "变长结构体的应用";
			sourceTree = "<group>";
		};
		3CDD2ABB1CE1BDEE00D990D6 = {
			isa = PBXGroup;
			children = (
				3CDD2B0B1CE32D6E00D990D6 /* Llink_list_Demo */,
				3CDD2AC61CE1BDEE00D990D6 /* Link_list_Demo */,
				3CBEC8461CE9B4860030BFF6 /* 变长结构体的应用 */,
				3CDD2AC51CE1BDEE00D990D6 /* Products */,
			);
			sourceTree = "<group>";
		};
		3CDD2AC51CE1BDEE00D990D6 /* Products */ = {
			isa = PBXGroup;
			children = (
				3CDD2AC41CE1BDEE00D990D6 /* Link_list_Demo.app */,
				3CDD2AFB1CE31B1100D990D6 /* LLink_Double_List */,
				3CDD2B0A1CE32D6E00D990D6 /* Llink_list_Demo.app */,
				3CBEC8451CE9B4860030BFF6 /* 变长结构体的应用 */,
			);
			name = Products;
			sourceTree = "<group>";
		};
		3CDD2AC61CE1BDEE00D990D6 /* Link_list_Demo */ = {
			isa = PBXGroup;
			children = (
				3CDD2ACA1CE1BDEE00D990D6 /* AppDelegate.h */,
				3CDD2ACB1CE1BDEE00D990D6 /* AppDelegate.m */,
				3CDD2ACD1CE1BDEE00D990D6 /* ViewController.h */,
				3CDD2ACE1CE1BDEE00D990D6 /* ViewController.m */,
				3CDD2AD01CE1BDEE00D990D6 /* Main.storyboard */,
				3CDD2AD31CE1BDEE00D990D6 /* Assets.xcassets */,
				3CDD2AD51CE1BDEE00D990D6 /* LaunchScreen.storyboard */,
				3CDD2AD81CE1BDEE00D990D6 /* Info.plist */,
				3CDD2AC71CE1BDEE00D990D6 /* Supporting Files */,
			);
			path = Link_list_Demo;
			sourceTree = "<group>";
		};
		3CDD2AC71CE1BDEE00D990D6 /* Supporting Files */ = {
			isa = PBXGroup;
			children = (
				3CDD2AC81CE1BDEE00D990D6 /* main.m */,
			);
			name = "Supporting Files";
			sourceTree = "<group>";
		};
		3CDD2B0B1CE32D6E00D990D6 /* Llink_list_Demo */ = {
			isa = PBXGroup;
			children = (
				3CDD2B0F1CE32D6E00D990D6 /* AppDelegate.h */,
				3CDD2B101CE32D6E00D990D6 /* AppDelegate.m */,
				3CDD2B121CE32D6E00D990D6 /* ViewController.h */,
				3CDD2B131CE32D6E00D990D6 /* ViewController.m */,
				3CDD2B151CE32D6E00D990D6 /* Main.storyboard */,
				3CDD2B181CE32D6E00D990D6 /* Assets.xcassets */,
				3CDD2B1A1CE32D6E00D990D6 /* LaunchScreen.storyboard */,
				3CDD2B1D1CE32D6F00D990D6 /* Info.plist */,
				3CDD2B0C1CE32D6E00D990D6 /* Supporting Files */,
			);
			path = Llink_list_Demo;
			sourceTree = "<group>";
		};
		3CDD2B0C1CE32D6E00D990D6 /* Supporting Files */ = {
			isa = PBXGroup;
			children = (
				3CDD2B0D1CE32D6E00D990D6 /* main.m */,
			);
			name = "Supporting Files";
			sourceTree = "<group>";
		};
/* End PBXGroup section */

/* Begin PBXNativeTarget section */
		3CBEC8441CE9B4860030BFF6 /* 变长结构体的应用 */ = {
			isa = PBXNativeTarget;
			buildConfigurationList = 3CBEC84B1CE9B4860030BFF6 /* Build configuration list for PBXNativeTarget "变长结构体的应用" */;
			buildPhases = (
				3CBEC8411CE9B4860030BFF6 /* Sources */,
				3CBEC8421CE9B4860030BFF6 /* Frameworks */,
				3CBEC8431CE9B4860030BFF6 /* CopyFiles */,
			);
			buildRules = (
			);
			dependencies = (
			);
			name = "变长结构体的应用";
			productName = "变长结构体的应用";
			productReference = 3CBEC8451CE9B4860030BFF6 /* 变长结构体的应用 */;
			productType = "com.apple.product-type.tool";
		};
		3CDD2AC31CE1BDEE00D990D6 /* Link_list_Demo */ = {
			isa = PBXNativeTarget;
			buildConfigurationList = 3CDD2ADB1CE1BDEE00D990D6 /* Build configuration list for PBXNativeTarget "Link_list_Demo" */;
			buildPhases = (
				3CDD2AC01CE1BDEE00D990D6 /* Sources */,
				3CDD2AC11CE1BDEE00D990D6 /* Frameworks */,
				3CDD2AC21CE1BDEE00D990D6 /* Resources */,
			);
			buildRules = (
			);
			dependencies = (
			);
			name = Link_list_Demo;
			productName = Link_list_Demo;
			productReference = 3CDD2AC41CE1BDEE00D990D6 /* Link_list_Demo.app */;
			productType = "com.apple.product-type.application";
		};
		3CDD2AFA1CE31B1100D990D6 /* LLink_Double_List */ = {
			isa = PBXNativeTarget;
			buildConfigurationList = 3CDD2AFF1CE31B1100D990D6 /* Build configuration list for PBXNativeTarget "LLink_Double_List" */;
			buildPhases = (
				3CDD2AF71CE31B1100D990D6 /* Sources */,
				3CDD2AF81CE31B1100D990D6 /* Frameworks */,
				3CDD2AF91CE31B1100D990D6 /* CopyFiles */,
			);
			buildRules = (
			);
			dependencies = (
			);
			name = LLink_Double_List;
			productName = LLink_Double_List;
			productReference = 3CDD2AFB1CE31B1100D990D6 /* LLink_Double_List */;
			productType = "com.apple.product-type.tool";
		};
		3CDD2B091CE32D6E00D990D6 /* Llink_list_Demo */ = {
			isa = PBXNativeTarget;
			buildConfigurationList = 3CDD2B1E1CE32D6F00D990D6 /* Build configuration list for PBXNativeTarget "Llink_list_Demo" */;
			buildPhases = (
				3CDD2B061CE32D6E00D990D6 /* Sources */,
				3CDD2B071CE32D6E00D990D6 /* Frameworks */,
				3CDD2B081CE32D6E00D990D6 /* Resources */,
			);
			buildRules = (
			);
			dependencies = (
			);
			name = Llink_list_Demo;
			productName = Llink_list_Demo;
			productReference = 3CDD2B0A1CE32D6E00D990D6 /* Llink_list_Demo.app */;
			productType = "com.apple.product-type.application";
		};
/* End PBXNativeTarget section */

/* Begin PBXProject section */
		3CDD2ABC1CE1BDEE00D990D6 /* Project object */ = {
			isa = PBXProject;
			attributes = {
				LastUpgradeCheck = 0720;
				ORGANIZATIONNAME = rytong_zkz;
				TargetAttributes = {
					3CBEC8441CE9B4860030BFF6 = {
						CreatedOnToolsVersion = 7.2;
					};
					3CDD2AC31CE1BDEE00D990D6 = {
						CreatedOnToolsVersion = 7.2;
					};
					3CDD2AFA1CE31B1100D990D6 = {
						CreatedOnToolsVersion = 7.2;
					};
					3CDD2B091CE32D6E00D990D6 = {
						CreatedOnToolsVersion = 7.2;
					};
				};
			};
			buildConfigurationList = 3CDD2ABF1CE1BDEE00D990D6 /* Build configuration list for PBXProject "Link_list_Demo" */;
			compatibilityVersion = "Xcode 3.2";
			developmentRegion = English;
			hasScannedForEncodings = 0;
			knownRegions = (
				en,
				Base,
			);
			mainGroup = 3CDD2ABB1CE1BDEE00D990D6;
			productRefGroup = 3CDD2AC51CE1BDEE00D990D6 /* Products */;
			projectDirPath = "";
			projectRoot = "";
			targets = (
				3CDD2AC31CE1BDEE00D990D6 /* Link_list_Demo */,
				3CDD2AFA1CE31B1100D990D6 /* LLink_Double_List */,
				3CDD2B091CE32D6E00D990D6 /* Llink_list_Demo */,
				3CBEC8441CE9B4860030BFF6 /* 变长结构体的应用 */,
			);
		};
/* End PBXProject section */

/* Begin PBXResourcesBuildPhase section */
		3CDD2AC21CE1BDEE00D990D6 /* Resources */ = {
			isa = PBXResourcesBuildPhase;
			buildActionMask = 2147483647;
			files = (
				3CDD2AD71CE1BDEE00D990D6 /* LaunchScreen.storyboard in Resources */,
				3CDD2AD41CE1BDEE00D990D6 /* Assets.xcassets in Resources */,
				3CDD2AD21CE1BDEE00D990D6 /* Main.storyboard in Resources */,
			);
			runOnlyForDeploymentPostprocessing = 0;
		};
		3CDD2B081CE32D6E00D990D6 /* Resources */ = {
			isa = PBXResourcesBuildPhase;
			buildActionMask = 2147483647;
			files = (
				3CDD2B1C1CE32D6F00D990D6 /* LaunchScreen.storyboard in Resources */,
				3CDD2B191CE32D6E00D990D6 /* Assets.xcassets in Resources */,
				3CDD2B171CE32D6E00D990D6 /* Main.storyboard in Resources */,
			);
			runOnlyForDeploymentPostprocessing = 0;
		};
/* End PBXResourcesBuildPhase section */

/* Begin PBXSourcesBuildPhase section */
		3CBEC8411CE9B4860030BFF6 /* Sources */ = {
			isa = PBXSourcesBuildPhase;
			buildActionMask = 2147483647;
			files = (
				3CBEC8481CE9B4860030BFF6 /* main.c in Sources */,
				3CBEC84E1CE9B4B80030BFF6 /* Llink_list_demo.c in Sources */,
			);
			runOnlyForDeploymentPostprocessing = 0;
		};
		3CDD2AC01CE1BDEE00D990D6 /* Sources */ = {
			isa = PBXSourcesBuildPhase;
			buildActionMask = 2147483647;
			files = (
				3CDD2ACF1CE1BDEE00D990D6 /* ViewController.m in Sources */,
				3CDD2ACC1CE1BDEE00D990D6 /* AppDelegate.m in Sources */,
				3CDD2AC91CE1BDEE00D990D6 /* main.m in Sources */,
			);
			runOnlyForDeploymentPostprocessing = 0;
		};
		3CDD2AF71CE31B1100D990D6 /* Sources */ = {
			isa = PBXSourcesBuildPhase;
			buildActionMask = 2147483647;
			files = (
			);
			runOnlyForDeploymentPostprocessing = 0;
		};
		3CDD2B061CE32D6E00D990D6 /* Sources */ = {
			isa = PBXSourcesBuildPhase;
			buildActionMask = 2147483647;
			files = (
				3CDD2B141CE32D6E00D990D6 /* ViewController.m in Sources */,
				3CDD2B111CE32D6E00D990D6 /* AppDelegate.m in Sources */,
				3CDD2B0E1CE32D6E00D990D6 /* main.m in Sources */,
			);
			runOnlyForDeploymentPostprocessing = 0;
		};
/* End PBXSourcesBuildPhase section */

/* Begin PBXVariantGroup section */
		3CDD2AD01CE1BDEE00D990D6 /* Main.storyboard */ = {
			isa = PBXVariantGroup;
			children = (
				3CDD2AD11CE1BDEE00D990D6 /* Base */,
			);
			name = Main.storyboard;
			sourceTree = "<group>";
		};
		3CDD2AD51CE1BDEE00D990D6 /* LaunchScreen.storyboard */ = {
			isa = PBXVariantGroup;
			children = (
				3CDD2AD61CE1BDEE00D990D6 /* Base */,
			);
			name = LaunchScreen.storyboard;
			sourceTree = "<group>";
		};
		3CDD2B151CE32D6E00D990D6 /* Main.storyboard */ = {
			isa = PBXVariantGroup;
			children = (
				3CDD2B161CE32D6E00D990D6 /* Base */,
			);
			name = Main.storyboard;
			sourceTree = "<group>";
		};
		3CDD2B1A1CE32D6E00D990D6 /* LaunchScreen.storyboard */ = {
			isa = PBXVariantGroup;
			children = (
				3CDD2B1B1CE32D6E00D990D6 /* Base */,
			);
			name = LaunchScreen.storyboard;
			sourceTree = "<group>";
		};
/* End PBXVariantGroup section */

/* Begin XCBuildConfiguration section */
		3CBEC8491CE9B4860030BFF6 /* Debug */ = {
			isa = XCBuildConfiguration;
			buildSettings = {
				CLANG_ENABLE_OBJC_ARC = NO;
				CODE_SIGN_IDENTITY = "-";
				MACOSX_DEPLOYMENT_TARGET = 10.10;
				PRODUCT_NAME = "$(TARGET_NAME)";
				SDKROOT = macosx;
			};
			name = Debug;
		};
		3CBEC84A1CE9B4860030BFF6 /* Release */ = {
			isa = XCBuildConfiguration;
			buildSettings = {
				CLANG_ENABLE_OBJC_ARC = NO;
				CODE_SIGN_IDENTITY = "-";
				MACOSX_DEPLOYMENT_TARGET = 10.10;
				PRODUCT_NAME = "$(TARGET_NAME)";
				SDKROOT = macosx;
			};
			name = Release;
		};
		3CDD2AD91CE1BDEE00D990D6 /* Debug */ = {
			isa = XCBuildConfiguration;
			buildSettings = {
				ALWAYS_SEARCH_USER_PATHS = NO;
				CLANG_CXX_LANGUAGE_STANDARD = "gnu++0x";
				CLANG_CXX_LIBRARY = "libc++";
				CLANG_ENABLE_MODULES = YES;
				CLANG_ENABLE_OBJC_ARC = NO;
				CLANG_WARN_BOOL_CONVERSION = YES;
				CLANG_WARN_CONSTANT_CONVERSION = YES;
				CLANG_WARN_DIRECT_OBJC_ISA_USAGE = YES_ERROR;
				CLANG_WARN_EMPTY_BODY = YES;
				CLANG_WARN_ENUM_CONVERSION = YES;
				CLANG_WARN_INT_CONVERSION = YES;
				CLANG_WARN_OBJC_ROOT_CLASS = YES_ERROR;
				CLANG_WARN_UNREACHABLE_CODE = YES;
				CLANG_WARN__DUPLICATE_METHOD_MATCH = YES;
				"CODE_SIGN_IDENTITY[sdk=iphoneos*]" = "iPhone Developer";
				COPY_PHASE_STRIP = NO;
				DEBUG_INFORMATION_FORMAT = dwarf;
				ENABLE_STRICT_OBJC_MSGSEND = YES;
				ENABLE_TESTABILITY = YES;
				GCC_C_LANGUAGE_STANDARD = gnu99;
				GCC_DYNAMIC_NO_PIC = NO;
				GCC_NO_COMMON_BLOCKS = YES;
				GCC_OPTIMIZATION_LEVEL = 0;
				GCC_PREPROCESSOR_DEFINITIONS = (
					"DEBUG=1",
					"$(inherited)",
				);
				GCC_WARN_64_TO_32_BIT_CONVERSION = YES;
				GCC_WARN_ABOUT_RETURN_TYPE = YES_ERROR;
				GCC_WARN_UNDECLARED_SELECTOR = YES;
				GCC_WARN_UNINITIALIZED_AUTOS = YES_AGGRESSIVE;
				GCC_WARN_UNUSED_FUNCTION = YES;
				GCC_WARN_UNUSED_VARIABLE = YES;
				IPHONEOS_DEPLOYMENT_TARGET = 9.2;
				MTL_ENABLE_DEBUG_INFO = YES;
				ONLY_ACTIVE_ARCH = YES;
				SDKROOT = iphoneos;
			};
			name = Debug;
		};
		3CDD2ADA1CE1BDEE00D990D6 /* Release */ = {
			isa = XCBuildConfiguration;
			buildSettings = {
				ALWAYS_SEARCH_USER_PATHS = NO;
				CLANG_CXX_LANGUAGE_STANDARD = "gnu++0x";
				CLANG_CXX_LIBRARY = "libc++";
				CLANG_ENABLE_MODULES = YES;
				CLANG_ENABLE_OBJC_ARC = NO;
				CLANG_WARN_BOOL_CONVERSION = YES;
				CLANG_WARN_CONSTANT_CONVERSION = YES;
				CLANG_WARN_DIRECT_OBJC_ISA_USAGE = YES_ERROR;
				CLANG_WARN_EMPTY_BODY = YES;
				CLANG_WARN_ENUM_CONVERSION = YES;
				CLANG_WARN_INT_CONVERSION = YES;
				CLANG_WARN_OBJC_ROOT_CLASS = YES_ERROR;
				CLANG_WARN_UNREACHABLE_CODE = YES;
				CLANG_WARN__DUPLICATE_METHOD_MATCH = YES;
				"CODE_SIGN_IDENTITY[sdk=iphoneos*]" = "iPhone Developer";
				COPY_PHASE_STRIP = NO;
				DEBUG_INFORMATION_FORMAT = "dwarf-with-dsym";
				ENABLE_NS_ASSERTIONS = NO;
				ENABLE_STRICT_OBJC_MSGSEND = YES;
				GCC_C_LANGUAGE_STANDARD = gnu99;
				GCC_NO_COMMON_BLOCKS = YES;
				GCC_WARN_64_TO_32_BIT_CONVERSION = YES;
				GCC_WARN_ABOUT_RETURN_TYPE = YES_ERROR;
				GCC_WARN_UNDECLARED_SELECTOR = YES;
				GCC_WARN_UNINITIALIZED_AUTOS = YES_AGGRESSIVE;
				GCC_WARN_UNUSED_FUNCTION = YES;
				GCC_WARN_UNUSED_VARIABLE = YES;
				IPHONEOS_DEPLOYMENT_TARGET = 9.2;
				MTL_ENABLE_DEBUG_INFO = NO;
				SDKROOT = iphoneos;
				VALIDATE_PRODUCT = YES;
			};
			name = Release;
		};
		3CDD2ADC1CE1BDEE00D990D6 /* Debug */ = {
			isa = XCBuildConfiguration;
			buildSettings = {
				ASSETCATALOG_COMPILER_APPICON_NAME = AppIcon;
				INFOPLIST_FILE = Link_list_Demo/Info.plist;
				LD_RUNPATH_SEARCH_PATHS = "$(inherited) @executable_path/Frameworks";
				PRODUCT_BUNDLE_IDENTIFIER = "com.rytong.Link-list-Demo";
				PRODUCT_NAME = "$(TARGET_NAME)";
			};
			name = Debug;
		};
		3CDD2ADD1CE1BDEE00D990D6 /* Release */ = {
			isa = XCBuildConfiguration;
			buildSettings = {
				ASSETCATALOG_COMPILER_APPICON_NAME = AppIcon;
				INFOPLIST_FILE = Link_list_Demo/Info.plist;
				LD_RUNPATH_SEARCH_PATHS = "$(inherited) @executable_path/Frameworks";
				PRODUCT_BUNDLE_IDENTIFIER = "com.rytong.Link-list-Demo";
				PRODUCT_NAME = "$(TARGET_NAME)";
			};
			name = Release;
		};
		3CDD2B001CE31B1100D990D6 /* Debug */ = {
			isa = XCBuildConfiguration;
			buildSettings = {
				CLANG_ENABLE_OBJC_ARC = YES;
				CODE_SIGN_IDENTITY = "-";
				MACOSX_DEPLOYMENT_TARGET = 10.10;
				PRODUCT_NAME = "$(TARGET_NAME)";
				SDKROOT = macosx;
			};
			name = Debug;
		};
		3CDD2B011CE31B1100D990D6 /* Release */ = {
			isa = XCBuildConfiguration;
			buildSettings = {
				CLANG_ENABLE_OBJC_ARC = YES;
				CODE_SIGN_IDENTITY = "-";
				MACOSX_DEPLOYMENT_TARGET = 10.10;
				PRODUCT_NAME = "$(TARGET_NAME)";
				SDKROOT = macosx;
			};
			name = Release;
		};
		3CDD2B1F1CE32D6F00D990D6 /* Debug */ = {
			isa = XCBuildConfiguration;
			buildSettings = {
				ASSETCATALOG_COMPILER_APPICON_NAME = AppIcon;
				CLANG_ENABLE_OBJC_ARC = NO;
				INFOPLIST_FILE = Llink_list_Demo/Info.plist;
				LD_RUNPATH_SEARCH_PATHS = "$(inherited) @executable_path/Frameworks";
				PRODUCT_BUNDLE_IDENTIFIER = "com.rytong.Llink-list-Demo";
				PRODUCT_NAME = "$(TARGET_NAME)";
			};
			name = Debug;
		};
		3CDD2B201CE32D6F00D990D6 /* Release */ = {
			isa = XCBuildConfiguration;
			buildSettings = {
				ASSETCATALOG_COMPILER_APPICON_NAME = AppIcon;
				CLANG_ENABLE_OBJC_ARC = NO;
				INFOPLIST_FILE = Llink_list_Demo/Info.plist;
				LD_RUNPATH_SEARCH_PATHS = "$(inherited) @executable_path/Frameworks";
				PRODUCT_BUNDLE_IDENTIFIER = "com.rytong.Llink-list-Demo";
				PRODUCT_NAME = "$(TARGET_NAME)";
			};
			name = Release;
		};
/* End XCBuildConfiguration section */

/* Begin XCConfigurationList section */
		3CBEC84B1CE9B4860030BFF6 /* Build configuration list for PBXNativeTarget "变长结构体的应用" */ = {
			isa = XCConfigurationList;
			buildConfigurations = (
				3CBEC8491CE9B4860030BFF6 /* Debug */,
				3CBEC84A1CE9B4860030BFF6 /* Release */,
			);
			defaultConfigurationIsVisible = 0;
		};
		3CDD2ABF1CE1BDEE00D990D6 /* Build configuration list for PBXProject "Link_list_Demo" */ = {
			isa = XCConfigurationList;
			buildConfigurations = (
				3CDD2AD91CE1BDEE00D990D6 /* Debug */,
				3CDD2ADA1CE1BDEE00D990D6 /* Release */,
			);
			defaultConfigurationIsVisible = 0;
			defaultConfigurationName = Release;
		};
		3CDD2ADB1CE1BDEE00D990D6 /* Build configuration list for PBXNativeTarget "Link_list_Demo" */ = {
			isa = XCConfigurationList;
			buildConfigurations = (
				3CDD2ADC1CE1BDEE00D990D6 /* Debug */,
				3CDD2ADD1CE1BDEE00D990D6 /* Release */,
			);
			defaultConfigurationIsVisible = 0;
			defaultConfigurationName = Release;
		};
		3CDD2AFF1CE31B1100D990D6 /* Build configuration list for PBXNativeTarget "LLink_Double_List" */ = {
			isa = XCConfigurationList;
			buildConfigurations = (
				3CDD2B001CE31B1100D990D6 /* Debug */,
				3CDD2B011CE31B1100D990D6 /* Release */,
			);
			defaultConfigurationIsVisible = 0;
			defaultConfigurationName = Release;
		};
		3CDD2B1E1CE32D6F00D990D6 /* Build configuration list for PBXNativeTarget "Llink_list_Demo" */ = {
			isa = XCConfigurationList;
			buildConfigurations = (
				3CDD2B1F1CE32D6F00D990D6 /* Debug */,
				3CDD2B201CE32D6F00D990D6 /* Release */,
			);
			defaultConfigurationIsVisible = 0;
			defaultConfigurationName = Release;
		};
/* End XCConfigurationList section */
	};
	rootObject = 3CDD2ABC1CE1BDEE00D990D6 /* Project object */;
}
