// !$*UTF8*$!
{
	archiveVersion = 1;
	classes = {
	};
	objectVersion = 46;
	objects = {

/* Begin PBXBuildFile section */
		3CA6A77C1D012AAB00056318 /* main.c in Sources */ = {isa = PBXBuildFile; fileRef = 3CA6A77B1D012AAB00056318 /* main.c */; };
		3CA6A7891D01537100056318 /* main.c in Sources */ = {isa = PBXBuildFile; fileRef = 3CA6A7881D01537100056318 /* main.c */; };
		3CA6A7DC1D01784C00056318 /* main.c in Sources */ = {isa = PBXBuildFile; fileRef = 3CA6A7DB1D01784C00056318 /* main.c */; };
/* End PBXBuildFile section */

/* Begin PBXCopyFilesBuildPhase section */
		3CA6A7761D012AAB00056318 /* CopyFiles */ = {
			isa = PBXCopyFilesBuildPhase;
			buildActionMask = 2147483647;
			dstPath = /usr/share/man/man1/;
			dstSubfolderSpec = 0;
			files = (
			);
			runOnlyForDeploymentPostprocessing = 1;
		};
		3CA6A7841D01537100056318 /* CopyFiles */ = {
			isa = PBXCopyFilesBuildPhase;
			buildActionMask = 2147483647;
			dstPath = /usr/share/man/man1/;
			dstSubfolderSpec = 0;
			files = (
			);
			runOnlyForDeploymentPostprocessing = 1;
		};
		3CA6A7D71D01784C00056318 /* CopyFiles */ = {
			isa = PBXCopyFilesBuildPhase;
			buildActionMask = 2147483647;
			dstPath = /usr/share/man/man1/;
			dstSubfolderSpec = 0;
			files = (
			);
			runOnlyForDeploymentPostprocessing = 1;
		};
/* End PBXCopyFilesBuildPhase section */

/* Begin PBXFileReference section */
		3CA6A7781D012AAB00056318 /* 数组与字符串 */ = {isa = PBXFileReference; explicitFileType = "compiled.mach-o.executable"; includeInIndex = 0; path = "数组与字符串"; sourceTree = BUILT_PRODUCTS_DIR; };
		3CA6A77B1D012AAB00056318 /* main.c */ = {isa = PBXFileReference; lastKnownFileType = sourcecode.c.c; path = main.c; sourceTree = "<group>"; };
		3CA6A7861D01537100056318 /* 二维数组 */ = {isa = PBXFileReference; explicitFileType = "compiled.mach-o.executable"; includeInIndex = 0; path = "二维数组"; sourceTree = BUILT_PRODUCTS_DIR; };
		3CA6A7881D01537100056318 /* main.c */ = {isa = PBXFileReference; lastKnownFileType = sourcecode.c.c; path = main.c; sourceTree = "<group>"; };
		3CA6A7D91D01784C00056318 /* 字符串 */ = {isa = PBXFileReference; explicitFileType = "compiled.mach-o.executable"; includeInIndex = 0; path = "字符串"; sourceTree = BUILT_PRODUCTS_DIR; };
		3CA6A7DB1D01784C00056318 /* main.c */ = {isa = PBXFileReference; lastKnownFileType = sourcecode.c.c; path = main.c; sourceTree = "<group>"; };
/* End PBXFileReference section */

/* Begin PBXFrameworksBuildPhase section */
		3CA6A7751D012AAB00056318 /* Frameworks */ = {
			isa = PBXFrameworksBuildPhase;
			buildActionMask = 2147483647;
			files = (
			);
			runOnlyForDeploymentPostprocessing = 0;
		};
		3CA6A7831D01537100056318 /* Frameworks */ = {
			isa = PBXFrameworksBuildPhase;
			buildActionMask = 2147483647;
			files = (
			);
			runOnlyForDeploymentPostprocessing = 0;
		};
		3CA6A7D61D01784C00056318 /* Frameworks */ = {
			isa = PBXFrameworksBuildPhase;
			buildActionMask = 2147483647;
			files = (
			);
			runOnlyForDeploymentPostprocessing = 0;
		};
/* End PBXFrameworksBuildPhase section */

/* Begin PBXGroup section */
		3CA6A76F1D012AAB00056318 = {
			isa = PBXGroup;
			children = (
				3CA6A77A1D012AAB00056318 /* 数组与字符串 */,
				3CA6A7871D01537100056318 /* 二维数组 */,
				3CA6A7DA1D01784C00056318 /* 字符串 */,
				3CA6A7791D012AAB00056318 /* Products */,
			);
			sourceTree = "<group>";
		};
		3CA6A7791D012AAB00056318 /* Products */ = {
			isa = PBXGroup;
			children = (
				3CA6A7781D012AAB00056318 /* 数组与字符串 */,
				3CA6A7861D01537100056318 /* 二维数组 */,
				3CA6A7D91D01784C00056318 /* 字符串 */,
			);
			name = Products;
			sourceTree = "<group>";
		};
		3CA6A77A1D012AAB00056318 /* 数组与字符串 */ = {
			isa = PBXGroup;
			children = (
				3CA6A77B1D012AAB00056318 /* main.c */,
			);
			path = "数组与字符串";
			sourceTree = "<group>";
		};
		3CA6A7871D01537100056318 /* 二维数组 */ = {
			isa = PBXGroup;
			children = (
				3CA6A7881D01537100056318 /* main.c */,
			);
			path = "二维数组";
			sourceTree = "<group>";
		};
		3CA6A7DA1D01784C00056318 /* 字符串 */ = {
			isa = PBXGroup;
			children = (
				3CA6A7DB1D01784C00056318 /* main.c */,
			);
			path = "字符串";
			sourceTree = "<group>";
		};
/* End PBXGroup section */

/* Begin PBXNativeTarget section */
		3CA6A7771D012AAB00056318 /* 数组与字符串 */ = {
			isa = PBXNativeTarget;
			buildConfigurationList = 3CA6A77F1D012AAB00056318 /* Build configuration list for PBXNativeTarget "数组与字符串" */;
			buildPhases = (
				3CA6A7741D012AAB00056318 /* Sources */,
				3CA6A7751D012AAB00056318 /* Frameworks */,
				3CA6A7761D012AAB00056318 /* CopyFiles */,
			);
			buildRules = (
			);
			dependencies = (
			);
			name = "数组与字符串";
			productName = "数组与字符串";
			productReference = 3CA6A7781D012AAB00056318 /* 数组与字符串 */;
			productType = "com.apple.product-type.tool";
		};
		3CA6A7851D01537100056318 /* 二维数组 */ = {
			isa = PBXNativeTarget;
			buildConfigurationList = 3CA6A78A1D01537100056318 /* Build configuration list for PBXNativeTarget "二维数组" */;
			buildPhases = (
				3CA6A7821D01537100056318 /* Sources */,
				3CA6A7831D01537100056318 /* Frameworks */,
				3CA6A7841D01537100056318 /* CopyFiles */,
			);
			buildRules = (
			);
			dependencies = (
			);
			name = "二维数组";
			productName = "二维数组";
			productReference = 3CA6A7861D01537100056318 /* 二维数组 */;
			productType = "com.apple.product-type.tool";
		};
		3CA6A7D81D01784C00056318 /* 字符串 */ = {
			isa = PBXNativeTarget;
			buildConfigurationList = 3CA6A7DD1D01784C00056318 /* Build configuration list for PBXNativeTarget "字符串" */;
			buildPhases = (
				3CA6A7D51D01784C00056318 /* Sources */,
				3CA6A7D61D01784C00056318 /* Frameworks */,
				3CA6A7D71D01784C00056318 /* CopyFiles */,
			);
			buildRules = (
			);
			dependencies = (
			);
			name = "字符串";
			productName = "字符串";
			productReference = 3CA6A7D91D01784C00056318 /* 字符串 */;
			productType = "com.apple.product-type.tool";
		};
/* End PBXNativeTarget section */

/* Begin PBXProject section */
		3CA6A7701D012AAB00056318 /* Project object */ = {
			isa = PBXProject;
			attributes = {
				LastUpgradeCheck = 0720;
				ORGANIZATIONNAME = rytong_zkz;
				TargetAttributes = {
					3CA6A7771D012AAB00056318 = {
						CreatedOnToolsVersion = 7.2;
					};
					3CA6A7851D01537100056318 = {
						CreatedOnToolsVersion = 7.2;
					};
					3CA6A7D81D01784C00056318 = {
						CreatedOnToolsVersion = 7.2;
					};
				};
			};
			buildConfigurationList = 3CA6A7731D012AAB00056318 /* Build configuration list for PBXProject "数组与字符串" */;
			compatibilityVersion = "Xcode 3.2";
			developmentRegion = English;
			hasScannedForEncodings = 0;
			knownRegions = (
				en,
			);
			mainGroup = 3CA6A76F1D012AAB00056318;
			productRefGroup = 3CA6A7791D012AAB00056318 /* Products */;
			projectDirPath = "";
			projectRoot = "";
			targets = (
				3CA6A7771D012AAB00056318 /* 数组与字符串 */,
				3CA6A7851D01537100056318 /* 二维数组 */,
				3CA6A7D81D01784C00056318 /* 字符串 */,
			);
		};
/* End PBXProject section */

/* Begin PBXSourcesBuildPhase section */
		3CA6A7741D012AAB00056318 /* Sources */ = {
			isa = PBXSourcesBuildPhase;
			buildActionMask = 2147483647;
			files = (
				3CA6A77C1D012AAB00056318 /* main.c in Sources */,
			);
			runOnlyForDeploymentPostprocessing = 0;
		};
		3CA6A7821D01537100056318 /* Sources */ = {
			isa = PBXSourcesBuildPhase;
			buildActionMask = 2147483647;
			files = (
				3CA6A7891D01537100056318 /* main.c in Sources */,
			);
			runOnlyForDeploymentPostprocessing = 0;
		};
		3CA6A7D51D01784C00056318 /* Sources */ = {
			isa = PBXSourcesBuildPhase;
			buildActionMask = 2147483647;
			files = (
				3CA6A7DC1D01784C00056318 /* main.c in Sources */,
			);
			runOnlyForDeploymentPostprocessing = 0;
		};
/* End PBXSourcesBuildPhase section */

/* Begin XCBuildConfiguration section */
		3CA6A77D1D012AAB00056318 /* Debug */ = {
			isa = XCBuildConfiguration;
			buildSettings = {
				ALWAYS_SEARCH_USER_PATHS = NO;
				CLANG_CXX_LANGUAGE_STANDARD = "gnu++0x";
				CLANG_CXX_LIBRARY = "libc++";
				CLANG_ENABLE_MODULES = YES;
				CLANG_ENABLE_OBJC_ARC = YES;
				CLANG_WARN_BOOL_CONVERSION = YES;
				CLANG_WARN_CONSTANT_CONVERSION = YES;
				CLANG_WARN_DIRECT_OBJC_ISA_USAGE = YES_ERROR;
				CLANG_WARN_EMPTY_BODY = YES;
				CLANG_WARN_ENUM_CONVERSION = YES;
				CLANG_WARN_INT_CONVERSION = YES;
				CLANG_WARN_OBJC_ROOT_CLASS = YES_ERROR;
				CLANG_WARN_UNREACHABLE_CODE = YES;
				CLANG_WARN__DUPLICATE_METHOD_MATCH = YES;
				CODE_SIGN_IDENTITY = "-";
				COPY_PHASE_STRIP = NO;
				DEBUG_INFORMATION_FORMAT = dwarf;
				ENABLE_STRICT_OBJC_MSGSEND = YES;
				ENABLE_TESTABILITY = YES;
				GCC_C_LANGUAGE_STANDARD = gnu99;
				GCC_DYNAMIC_NO_PIC = NO;
				GCC_NO_COMMON_BLOCKS = YES;
				GCC_OPTIMIZATION_LEVEL = 0;
				GCC_PREPROCESSOR_DEFINITIONS = (
					"DEBUG=1",
					"$(inherited)",
				);
				GCC_WARN_64_TO_32_BIT_CONVERSION = YES;
				GCC_WARN_ABOUT_RETURN_TYPE = YES_ERROR;
				GCC_WARN_UNDECLARED_SELECTOR = YES;
				GCC_WARN_UNINITIALIZED_AUTOS = YES_AGGRESSIVE;
				GCC_WARN_UNUSED_FUNCTION = YES;
				GCC_WARN_UNUSED_VARIABLE = YES;
				MACOSX_DEPLOYMENT_TARGET = 10.10;
				MTL_ENABLE_DEBUG_INFO = YES;
				ONLY_ACTIVE_ARCH = YES;
				SDKROOT = macosx;
			};
			name = Debug;
		};
		3CA6A77E1D012AAB00056318 /* Release */ = {
			isa = XCBuildConfiguration;
			buildSettings = {
				ALWAYS_SEARCH_USER_PATHS = NO;
				CLANG_CXX_LANGUAGE_STANDARD = "gnu++0x";
				CLANG_CXX_LIBRARY = "libc++";
				CLANG_ENABLE_MODULES = YES;
				CLANG_ENABLE_OBJC_ARC = YES;
				CLANG_WARN_BOOL_CONVERSION = YES;
				CLANG_WARN_CONSTANT_CONVERSION = YES;
				CLANG_WARN_DIRECT_OBJC_ISA_USAGE = YES_ERROR;
				CLANG_WARN_EMPTY_BODY = YES;
				CLANG_WARN_ENUM_CONVERSION = YES;
				CLANG_WARN_INT_CONVERSION = YES;
				CLANG_WARN_OBJC_ROOT_CLASS = YES_ERROR;
				CLANG_WARN_UNREACHABLE_CODE = YES;
				CLANG_WARN__DUPLICATE_METHOD_MATCH = YES;
				CODE_SIGN_IDENTITY = "-";
				COPY_PHASE_STRIP = NO;
				DEBUG_INFORMATION_FORMAT = "dwarf-with-dsym";
				ENABLE_NS_ASSERTIONS = NO;
				ENABLE_STRICT_OBJC_MSGSEND = YES;
				GCC_C_LANGUAGE_STANDARD = gnu99;
				GCC_NO_COMMON_BLOCKS = YES;
				GCC_WARN_64_TO_32_BIT_CONVERSION = YES;
				GCC_WARN_ABOUT_RETURN_TYPE = YES_ERROR;
				GCC_WARN_UNDECLARED_SELECTOR = YES;
				GCC_WARN_UNINITIALIZED_AUTOS = YES_AGGRESSIVE;
				GCC_WARN_UNUSED_FUNCTION = YES;
				GCC_WARN_UNUSED_VARIABLE = YES;
				MACOSX_DEPLOYMENT_TARGET = 10.10;
				MTL_ENABLE_DEBUG_INFO = NO;
				SDKROOT = macosx;
			};
			name = Release;
		};
		3CA6A7801D012AAB00056318 /* Debug */ = {
			isa = XCBuildConfiguration;
			buildSettings = {
				PRODUCT_NAME = "$(TARGET_NAME)";
			};
			name = Debug;
		};
		3CA6A7811D012AAB00056318 /* Release */ = {
			isa = XCBuildConfiguration;
			buildSettings = {
				PRODUCT_NAME = "$(TARGET_NAME)";
			};
			name = Release;
		};
		3CA6A78B1D01537100056318 /* Debug */ = {
			isa = XCBuildConfiguration;
			buildSettings = {
				PRODUCT_NAME = "$(TARGET_NAME)";
			};
			name = Debug;
		};
		3CA6A78C1D01537100056318 /* Release */ = {
			isa = XCBuildConfiguration;
			buildSettings = {
				PRODUCT_NAME = "$(TARGET_NAME)";
			};
			name = Release;
		};
		3CA6A7DE1D01784C00056318 /* Debug */ = {
			isa = XCBuildConfiguration;
			buildSettings = {
				PRODUCT_NAME = "$(TARGET_NAME)";
			};
			name = Debug;
		};
		3CA6A7DF1D01784C00056318 /* Release */ = {
			isa = XCBuildConfiguration;
			buildSettings = {
				PRODUCT_NAME = "$(TARGET_NAME)";
			};
			name = Release;
		};
/* End XCBuildConfiguration section */

/* Begin XCConfigurationList section */
		3CA6A7731D012AAB00056318 /* Build configuration list for PBXProject "数组与字符串" */ = {
			isa = XCConfigurationList;
			buildConfigurations = (
				3CA6A77D1D012AAB00056318 /* Debug */,
				3CA6A77E1D012AAB00056318 /* Release */,
			);
			defaultConfigurationIsVisible = 0;
			defaultConfigurationName = Release;
		};
		3CA6A77F1D012AAB00056318 /* Build configuration list for PBXNativeTarget "数组与字符串" */ = {
			isa = XCConfigurationList;
			buildConfigurations = (
				3CA6A7801D012AAB00056318 /* Debug */,
				3CA6A7811D012AAB00056318 /* Release */,
			);
			defaultConfigurationIsVisible = 0;
		};
		3CA6A78A1D01537100056318 /* Build configuration list for PBXNativeTarget "二维数组" */ = {
			isa = XCConfigurationList;
			buildConfigurations = (
				3CA6A78B1D01537100056318 /* Debug */,
				3CA6A78C1D01537100056318 /* Release */,
			);
			defaultConfigurationIsVisible = 0;
		};
		3CA6A7DD1D01784C00056318 /* Build configuration list for PBXNativeTarget "字符串" */ = {
			isa = XCConfigurationList;
			buildConfigurations = (
				3CA6A7DE1D01784C00056318 /* Debug */,
				3CA6A7DF1D01784C00056318 /* Release */,
			);
			defaultConfigurationIsVisible = 0;
		};
/* End XCConfigurationList section */
	};
	rootObject = 3CA6A7701D012AAB00056318 /* Project object */;
}
